
Microsoft Visual Studio Solution File, Format Version 12.00
# Visual Studio Version 16
VisualStudioVersion = 16.0.31129.286
MinimumVisualStudioVersion = 10.0.40219.1
Project("{9A19103F-16F7-4668-BE54-9A1E7A4F7556}") = "Blog", "Blog\Blog.csproj", "{AAA94393-A75A-4303-997D-A9D7D9D88DAA}"
EndProject
Global
	GlobalSection(SolutionConfigurationPlatforms) = preSolution
		Debug|Any CPU = Debug|Any CPU
		Release|Any CPU = Release|Any CPU
	EndGlobalSection
	GlobalSection(ProjectConfigurationPlatforms) = postSolution
		{AAA94393-A75A-4303-997D-A9D7D9D88DAA}.Debug|Any CPU.ActiveCfg = Debug|Any CPU
		{AAA94393-A75A-4303-997D-A9D7D9D88DAA}.Debug|Any CPU.Build.0 = Debug|Any CPU
		{AAA94393-A75A-4303-997D-A9D7D9D88DAA}.Release|Any CPU.ActiveCfg = Release|Any CPU
		{AAA94393-A75A-4303-997D-A9D7D9D88DAA}.Release|Any CPU.Build.0 = Release|Any CPU
	EndGlobalSection
	GlobalSection(SolutionProperties) = preSolution
		HideSolutionNode = FALSE
	EndGlobalSection
	GlobalSection(ExtensibilityGlobals) = postSolution
		SolutionGuid = {FD78DCFE-A094-4FB4-8B0A-197DD86280A9}
	EndGlobalSection
EndGlobal
